
Microsoft Visual Studio Solution File, Format Version 12.00
# Visual Studio 15
Project("{FAE04EC0-301F-11D3-BF4B-00C04F79EFBC}") = "Assembly-CSharp", "Assembly-CSharp.csproj", "{DEDAFB56-9BAC-1053-22E5-160981E53F6E}"
EndProject
Project("{FAE04EC0-301F-11D3-BF4B-00C04F79EFBC}") = "Assembly-CSharp-firstpass", "Assembly-CSharp-firstpass.csproj", "{8FCCB796-843A-786C-7EA4-4DA45B7F3574}"
EndProject
Project("{FAE04EC0-301F-11D3-BF4B-00C04F79EFBC}") = "Assembly-CSharp-Editor-firstpass", "Assembly-CSharp-Editor-firstpass.csproj", "{10AC0880-6A23-CE0A-123E-31147FA73647}"
EndProject
Global
	GlobalSection(SolutionConfigurationPlatforms) = preSolution
		Debug|Any CPU = Debug|Any CPU
		Release|Any CPU = Release|Any CPU
	EndGlobalSection
	GlobalSection(ProjectConfigurationPlatforms) = postSolution
		{DEDAFB56-9BAC-1053-22E5-160981E53F6E}.Debug|Any CPU.ActiveCfg = Debug|Any CPU
		{DEDAFB56-9BAC-1053-22E5-160981E53F6E}.Debug|Any CPU.Build.0 = Debug|Any CPU
		{DEDAFB56-9BAC-1053-22E5-160981E53F6E}.Release|Any CPU.ActiveCfg = Release|Any CPU
		{DEDAFB56-9BAC-1053-22E5-160981E53F6E}.Release|Any CPU.Build.0 = Release|Any CPU
		{8FCCB796-843A-786C-7EA4-4DA45B7F3574}.Debug|Any CPU.ActiveCfg = Debug|Any CPU
		{8FCCB796-843A-786C-7EA4-4DA45B7F3574}.Debug|Any CPU.Build.0 = Debug|Any CPU
		{8FCCB796-843A-786C-7EA4-4DA45B7F3574}.Release|Any CPU.ActiveCfg = Release|Any CPU
		{8FCCB796-843A-786C-7EA4-4DA45B7F3574}.Release|Any CPU.Build.0 = Release|Any CPU
		{10AC0880-6A23-CE0A-123E-31147FA73647}.Debug|Any CPU.ActiveCfg = Debug|Any CPU
		{10AC0880-6A23-CE0A-123E-31147FA73647}.Debug|Any CPU.Build.0 = Debug|Any CPU
		{10AC0880-6A23-CE0A-123E-31147FA73647}.Release|Any CPU.ActiveCfg = Release|Any CPU
		{10AC0880-6A23-CE0A-123E-31147FA73647}.Release|Any CPU.Build.0 = Release|Any CPU
	EndGlobalSection
	GlobalSection(SolutionProperties) = preSolution
		HideSolutionNode = FALSE
	EndGlobalSection
EndGlobal
